// !$*UTF8*$!
{
	archiveVersion = 1;
	classes = {
	};
	objectVersion = 46;
	objects = {

/* Begin PBXBuildFile section */
		4DC3C3E71994FCC3005632BE /* Foundation.framework in Frameworks */ = {isa = PBXBuildFile; fileRef = 4DC3C3E61994FCC3005632BE /* Foundation.framework */; };
		4DC3C3E91994FCC3005632BE /* CoreGraphics.framework in Frameworks */ = {isa = PBXBuildFile; fileRef = 4DC3C3E81994FCC3005632BE /* CoreGraphics.framework */; };
		4DC3C3EB1994FCC3005632BE /* UIKit.framework in Frameworks */ = {isa = PBXBuildFile; fileRef = 4DC3C3EA1994FCC3005632BE /* UIKit.framework */; };
		4DC3C3F11994FCC3005632BE /* InfoPlist.strings in Resources */ = {isa = PBXBuildFile; fileRef = 4DC3C3EF1994FCC3005632BE /* InfoPlist.strings */; };
		4DC3C3F31994FCC3005632BE /* main.m in Sources */ = {isa = PBXBuildFile; fileRef = 4DC3C3F21994FCC3005632BE /* main.m */; };
		4DC3C3F71994FCC3005632BE /* AppDelegate.m in Sources */ = {isa = PBXBuildFile; fileRef = 4DC3C3F61994FCC3005632BE /* AppDelegate.m */; };
		4DC3C3FA1994FCC3005632BE /* Main.storyboard in Resources */ = {isa = PBXBuildFile; fileRef = 4DC3C3F81994FCC3005632BE /* Main.storyboard */; };
		4DC3C3FD1994FCC3005632BE /* ViewController.m in Sources */ = {isa = PBXBuildFile; fileRef = 4DC3C3FC1994FCC3005632BE /* ViewController.m */; };
		4DC3C3FF1994FCC3005632BE /* Images.xcassets in Resources */ = {isa = PBXBuildFile; fileRef = 4DC3C3FE1994FCC3005632BE /* Images.xcassets */; };
		4DC3C4061994FCC3005632BE /* XCTest.framework in Frameworks */ = {isa = PBXBuildFile; fileRef = 4DC3C4051994FCC3005632BE /* XCTest.framework */; };
		4DC3C4071994FCC3005632BE /* Foundation.framework in Frameworks */ = {isa = PBXBuildFile; fileRef = 4DC3C3E61994FCC3005632BE /* Foundation.framework */; };
		4DC3C4081994FCC3005632BE /* UIKit.framework in Frameworks */ = {isa = PBXBuildFile; fileRef = 4DC3C3EA1994FCC3005632BE /* UIKit.framework */; };
		4DC3C4101994FCC3005632BE /* InfoPlist.strings in Resources */ = {isa = PBXBuildFile; fileRef = 4DC3C40E1994FCC3005632BE /* InfoPlist.strings */; };
		4DC3C4121994FCC3005632BE /* WildKingdomTests.m in Sources */ = {isa = PBXBuildFile; fileRef = 4DC3C4111994FCC3005632BE /* WildKingdomTests.m */; };
		4DC3C41D1994FE94005632BE /* JSONManager.m in Sources */ = {isa = PBXBuildFile; fileRef = 4DC3C41C1994FE94005632BE /* JSONManager.m */; };
		4DC3C42019950A50005632BE /* ImageViewCell.m in Sources */ = {isa = PBXBuildFile; fileRef = 4DC3C41F19950A50005632BE /* ImageViewCell.m */; };
		4DC3C4231995713D005632BE /* MapViewController.m in Sources */ = {isa = PBXBuildFile; fileRef = 4DC3C4221995713D005632BE /* MapViewController.m */; };
		4DC3C4251998EC0E005632BE /* MapKit.framework in Frameworks */ = {isa = PBXBuildFile; fileRef = 4DC3C4241998EC0E005632BE /* MapKit.framework */; };
/* End PBXBuildFile section */

/* Begin PBXContainerItemProxy section */
		4DC3C4091994FCC3005632BE /* PBXContainerItemProxy */ = {
			isa = PBXContainerItemProxy;
			containerPortal = 4DC3C3DB1994FCC2005632BE /* Project object */;
			proxyType = 1;
			remoteGlobalIDString = 4DC3C3E21994FCC3005632BE;
			remoteInfo = WildKingdom;
		};
/* End PBXContainerItemProxy section */

/* Begin PBXFileReference section */
		4DC3C3E31994FCC3005632BE /* WildKingdom.app */ = {isa = PBXFileReference; explicitFileType = wrapper.application; includeInIndex = 0; path = WildKingdom.app; sourceTree = BUILT_PRODUCTS_DIR; };
		4DC3C3E61994FCC3005632BE /* Foundation.framework */ = {isa = PBXFileReference; lastKnownFileType = wrapper.framework; name = Foundation.framework; path = System/Library/Frameworks/Foundation.framework; sourceTree = SDKROOT; };
		4DC3C3E81994FCC3005632BE /* CoreGraphics.framework */ = {isa = PBXFileReference; lastKnownFileType = wrapper.framework; name = CoreGraphics.framework; path = System/Library/Frameworks/CoreGraphics.framework; sourceTree = SDKROOT; };
		4DC3C3EA1994FCC3005632BE /* UIKit.framework */ = {isa = PBXFileReference; lastKnownFileType = wrapper.framework; name = UIKit.framework; path = System/Library/Frameworks/UIKit.framework; sourceTree = SDKROOT; };
		4DC3C3EE1994FCC3005632BE /* WildKingdom-Info.plist */ = {isa = PBXFileReference; lastKnownFileType = text.plist.xml; path = "WildKingdom-Info.plist"; sourceTree = "<group>"; };
		4DC3C3F01994FCC3005632BE /* en */ = {isa = PBXFileReference; lastKnownFileType = text.plist.strings; name = en; path = en.lproj/InfoPlist.strings; sourceTree = "<group>"; };
		4DC3C3F21994FCC3005632BE /* main.m */ = {isa = PBXFileReference; lastKnownFileType = sourcecode.c.objc; path = main.m; sourceTree = "<group>"; };
		4DC3C3F41994FCC3005632BE /* WildKingdom-Prefix.pch */ = {isa = PBXFileReference; lastKnownFileType = sourcecode.c.h; path = "WildKingdom-Prefix.pch"; sourceTree = "<group>"; };
		4DC3C3F51994FCC3005632BE /* AppDelegate.h */ = {isa = PBXFileReference; lastKnownFileType = sourcecode.c.h; path = AppDelegate.h; sourceTree = "<group>"; };
		4DC3C3F61994FCC3005632BE /* AppDelegate.m */ = {isa = PBXFileReference; lastKnownFileType = sourcecode.c.objc; path = AppDelegate.m; sourceTree = "<group>"; };
		4DC3C3F91994FCC3005632BE /* Base */ = {isa = PBXFileReference; lastKnownFileType = file.storyboard; name = Base; path = Base.lproj/Main.storyboard; sourceTree = "<group>"; };
		4DC3C3FB1994FCC3005632BE /* ViewController.h */ = {isa = PBXFileReference; lastKnownFileType = sourcecode.c.h; path = ViewController.h; sourceTree = "<group>"; };
		4DC3C3FC1994FCC3005632BE /* ViewController.m */ = {isa = PBXFileReference; lastKnownFileType = sourcecode.c.objc; path = ViewController.m; sourceTree = "<group>"; };
		4DC3C3FE1994FCC3005632BE /* Images.xcassets */ = {isa = PBXFileReference; lastKnownFileType = folder.assetcatalog; path = Images.xcassets; sourceTree = "<group>"; };
		4DC3C4041994FCC3005632BE /* WildKingdomTests.xctest */ = {isa = PBXFileReference; explicitFileType = wrapper.cfbundle; includeInIndex = 0; path = WildKingdomTests.xctest; sourceTree = BUILT_PRODUCTS_DIR; };
		4DC3C4051994FCC3005632BE /* XCTest.framework */ = {isa = PBXFileReference; lastKnownFileType = wrapper.framework; name = XCTest.framework; path = Library/Frameworks/XCTest.framework; sourceTree = DEVELOPER_DIR; };
		4DC3C40D1994FCC3005632BE /* WildKingdomTests-Info.plist */ = {isa = PBXFileReference; lastKnownFileType = text.plist.xml; path = "WildKingdomTests-Info.plist"; sourceTree = "<group>"; };
		4DC3C40F1994FCC3005632BE /* en */ = {isa = PBXFileReference; lastKnownFileType = text.plist.strings; name = en; path = en.lproj/InfoPlist.strings; sourceTree = "<group>"; };
		4DC3C4111994FCC3005632BE /* WildKingdomTests.m */ = {isa = PBXFileReference; lastKnownFileType = sourcecode.c.objc; path = WildKingdomTests.m; sourceTree = "<group>"; };
		4DC3C41B1994FE94005632BE /* JSONManager.h */ = {isa = PBXFileReference; fileEncoding = 4; lastKnownFileType = sourcecode.c.h; path = JSONManager.h; sourceTree = "<group>"; };
		4DC3C41C1994FE94005632BE /* JSONManager.m */ = {isa = PBXFileReference; fileEncoding = 4; lastKnownFileType = sourcecode.c.objc; path = JSONManager.m; sourceTree = "<group>"; };
		4DC3C41E19950A50005632BE /* ImageViewCell.h */ = {isa = PBXFileReference; fileEncoding = 4; lastKnownFileType = sourcecode.c.h; path = ImageViewCell.h; sourceTree = "<group>"; };
		4DC3C41F19950A50005632BE /* ImageViewCell.m */ = {isa = PBXFileReference; fileEncoding = 4; lastKnownFileType = sourcecode.c.objc; path = ImageViewCell.m; sourceTree = "<group>"; };
		4DC3C4211995713D005632BE /* MapViewController.h */ = {isa = PBXFileReference; fileEncoding = 4; lastKnownFileType = sourcecode.c.h; path = MapViewController.h; sourceTree = "<group>"; };
		4DC3C4221995713D005632BE /* MapViewController.m */ = {isa = PBXFileReference; fileEncoding = 4; lastKnownFileType = sourcecode.c.objc; path = MapViewController.m; sourceTree = "<group>"; };
		4DC3C4241998EC0E005632BE /* MapKit.framework */ = {isa = PBXFileReference; lastKnownFileType = wrapper.framework; name = MapKit.framework; path = System/Library/Frameworks/MapKit.framework; sourceTree = SDKROOT; };
/* End PBXFileReference section */

/* Begin PBXFrameworksBuildPhase section */
		4DC3C3E01994FCC3005632BE /* Frameworks */ = {
			isa = PBXFrameworksBuildPhase;
			buildActionMask = 2147483647;
			files = (
				4DC3C4251998EC0E005632BE /* MapKit.framework in Frameworks */,
				4DC3C3E91994FCC3005632BE /* CoreGraphics.framework in Frameworks */,
				4DC3C3EB1994FCC3005632BE /* UIKit.framework in Frameworks */,
				4DC3C3E71994FCC3005632BE /* Foundation.framework in Frameworks */,
			);
			runOnlyForDeploymentPostprocessing = 0;
		};
		4DC3C4011994FCC3005632BE /* Frameworks */ = {
			isa = PBXFrameworksBuildPhase;
			buildActionMask = 2147483647;
			files = (
				4DC3C4061994FCC3005632BE /* XCTest.framework in Frameworks */,
				4DC3C4081994FCC3005632BE /* UIKit.framework in Frameworks */,
				4DC3C4071994FCC3005632BE /* Foundation.framework in Frameworks */,
			);
			runOnlyForDeploymentPostprocessing = 0;
		};
/* End PBXFrameworksBuildPhase section */

/* Begin PBXGroup section */
		4DC3C3DA1994FCC2005632BE = {
			isa = PBXGroup;
			children = (
				4DC3C3EC1994FCC3005632BE /* WildKingdom */,
				4DC3C40B1994FCC3005632BE /* WildKingdomTests */,
				4DC3C3E51994FCC3005632BE /* Frameworks */,
				4DC3C3E41994FCC3005632BE /* Products */,
			);
			sourceTree = "<group>";
		};
		4DC3C3E41994FCC3005632BE /* Products */ = {
			isa = PBXGroup;
			children = (
				4DC3C3E31994FCC3005632BE /* WildKingdom.app */,
				4DC3C4041994FCC3005632BE /* WildKingdomTests.xctest */,
			);
			name = Products;
			sourceTree = "<group>";
		};
		4DC3C3E51994FCC3005632BE /* Frameworks */ = {
			isa = PBXGroup;
			children = (
				4DC3C4241998EC0E005632BE /* MapKit.framework */,
				4DC3C3E61994FCC3005632BE /* Foundation.framework */,
				4DC3C3E81994FCC3005632BE /* CoreGraphics.framework */,
				4DC3C3EA1994FCC3005632BE /* UIKit.framework */,
				4DC3C4051994FCC3005632BE /* XCTest.framework */,
			);
			name = Frameworks;
			sourceTree = "<group>";
		};
		4DC3C3EC1994FCC3005632BE /* WildKingdom */ = {
			isa = PBXGroup;
			children = (
				4DC3C3F51994FCC3005632BE /* AppDelegate.h */,
				4DC3C3F61994FCC3005632BE /* AppDelegate.m */,
				4DC3C3F81994FCC3005632BE /* Main.storyboard */,
				4DC3C3FB1994FCC3005632BE /* ViewController.h */,
				4DC3C3FC1994FCC3005632BE /* ViewController.m */,
				4DC3C41B1994FE94005632BE /* JSONManager.h */,
				4DC3C41C1994FE94005632BE /* JSONManager.m */,
				4DC3C41E19950A50005632BE /* ImageViewCell.h */,
				4DC3C41F19950A50005632BE /* ImageViewCell.m */,
				4DC3C4211995713D005632BE /* MapViewController.h */,
				4DC3C4221995713D005632BE /* MapViewController.m */,
				4DC3C3FE1994FCC3005632BE /* Images.xcassets */,
				4DC3C3ED1994FCC3005632BE /* Supporting Files */,
			);
			path = WildKingdom;
			sourceTree = "<group>";
		};
		4DC3C3ED1994FCC3005632BE /* Supporting Files */ = {
			isa = PBXGroup;
			children = (
				4DC3C3EE1994FCC3005632BE /* WildKingdom-Info.plist */,
				4DC3C3EF1994FCC3005632BE /* InfoPlist.strings */,
				4DC3C3F21994FCC3005632BE /* main.m */,
				4DC3C3F41994FCC3005632BE /* WildKingdom-Prefix.pch */,
			);
			name = "Supporting Files";
			sourceTree = "<group>";
		};
		4DC3C40B1994FCC3005632BE /* WildKingdomTests */ = {
			isa = PBXGroup;
			children = (
				4DC3C4111994FCC3005632BE /* WildKingdomTests.m */,
				4DC3C40C1994FCC3005632BE /* Supporting Files */,
			);
			path = WildKingdomTests;
			sourceTree = "<group>";
		};
		4DC3C40C1994FCC3005632BE /* Supporting Files */ = {
			isa = PBXGroup;
			children = (
				4DC3C40D1994FCC3005632BE /* WildKingdomTests-Info.plist */,
				4DC3C40E1994FCC3005632BE /* InfoPlist.strings */,
			);
			name = "Supporting Files";
			sourceTree = "<group>";
		};
/* End PBXGroup section */

/* Begin PBXNativeTarget section */
		4DC3C3E21994FCC3005632BE /* WildKingdom */ = {
			isa = PBXNativeTarget;
			buildConfigurationList = 4DC3C4151994FCC3005632BE /* Build configuration list for PBXNativeTarget "WildKingdom" */;
			buildPhases = (
				4DC3C3DF1994FCC3005632BE /* Sources */,
				4DC3C3E01994FCC3005632BE /* Frameworks */,
				4DC3C3E11994FCC3005632BE /* Resources */,
			);
			buildRules = (
			);
			dependencies = (
			);
			name = WildKingdom;
			productName = WildKingdom;
			productReference = 4DC3C3E31994FCC3005632BE /* WildKingdom.app */;
			productType = "com.apple.product-type.application";
		};
		4DC3C4031994FCC3005632BE /* WildKingdomTests */ = {
			isa = PBXNativeTarget;
			buildConfigurationList = 4DC3C4181994FCC3005632BE /* Build configuration list for PBXNativeTarget "WildKingdomTests" */;
			buildPhases = (
				4DC3C4001994FCC3005632BE /* Sources */,
				4DC3C4011994FCC3005632BE /* Frameworks */,
				4DC3C4021994FCC3005632BE /* Resources */,
			);
			buildRules = (
			);
			dependencies = (
				4DC3C40A1994FCC3005632BE /* PBXTargetDependency */,
			);
			name = WildKingdomTests;
			productName = WildKingdomTests;
			productReference = 4DC3C4041994FCC3005632BE /* WildKingdomTests.xctest */;
			productType = "com.apple.product-type.bundle.unit-test";
		};
/* End PBXNativeTarget section */

/* Begin PBXProject section */
		4DC3C3DB1994FCC2005632BE /* Project object */ = {
			isa = PBXProject;
			attributes = {
				LastUpgradeCheck = 0510;
				ORGANIZATIONNAME = "Alejandro Tami";
				TargetAttributes = {
					4DC3C4031994FCC3005632BE = {
						TestTargetID = 4DC3C3E21994FCC3005632BE;
					};
				};
			};
			buildConfigurationList = 4DC3C3DE1994FCC2005632BE /* Build configuration list for PBXProject "WildKingdom" */;
			compatibilityVersion = "Xcode 3.2";
			developmentRegion = English;
			hasScannedForEncodings = 0;
			knownRegions = (
				en,
				Base,
			);
			mainGroup = 4DC3C3DA1994FCC2005632BE;
			productRefGroup = 4DC3C3E41994FCC3005632BE /* Products */;
			projectDirPath = "";
			projectRoot = "";
			targets = (
				4DC3C3E21994FCC3005632BE /* WildKingdom */,
				4DC3C4031994FCC3005632BE /* WildKingdomTests */,
			);
		};
/* End PBXProject section */

/* Begin PBXResourcesBuildPhase section */
		4DC3C3E11994FCC3005632BE /* Resources */ = {
			isa = PBXResourcesBuildPhase;
			buildActionMask = 2147483647;
			files = (
				4DC3C3FF1994FCC3005632BE /* Images.xcassets in Resources */,
				4DC3C3F11994FCC3005632BE /* InfoPlist.strings in Resources */,
				4DC3C3FA1994FCC3005632BE /* Main.storyboard in Resources */,
			);
			runOnlyForDeploymentPostprocessing = 0;
		};
		4DC3C4021994FCC3005632BE /* Resources */ = {
			isa = PBXResourcesBuildPhase;
			buildActionMask = 2147483647;
			files = (
				4DC3C4101994FCC3005632BE /* InfoPlist.strings in Resources */,
			);
			runOnlyForDeploymentPostprocessing = 0;
		};
/* End PBXResourcesBuildPhase section */

/* Begin PBXSourcesBuildPhase section */
		4DC3C3DF1994FCC3005632BE /* Sources */ = {
			isa = PBXSourcesBuildPhase;
			buildActionMask = 2147483647;
			files = (
				4DC3C3FD1994FCC3005632BE /* ViewController.m in Sources */,
				4DC3C42019950A50005632BE /* ImageViewCell.m in Sources */,
				4DC3C41D1994FE94005632BE /* JSONManager.m in Sources */,
				4DC3C4231995713D005632BE /* MapViewController.m in Sources */,
				4DC3C3F71994FCC3005632BE /* AppDelegate.m in Sources */,
				4DC3C3F31994FCC3005632BE /* main.m in Sources */,
			);
			runOnlyForDeploymentPostprocessing = 0;
		};
		4DC3C4001994FCC3005632BE /* Sources */ = {
			isa = PBXSourcesBuildPhase;
			buildActionMask = 2147483647;
			files = (
				4DC3C4121994FCC3005632BE /* WildKingdomTests.m in Sources */,
			);
			runOnlyForDeploymentPostprocessing = 0;
		};
/* End PBXSourcesBuildPhase section */

/* Begin PBXTargetDependency section */
		4DC3C40A1994FCC3005632BE /* PBXTargetDependency */ = {
			isa = PBXTargetDependency;
			target = 4DC3C3E21994FCC3005632BE /* WildKingdom */;
			targetProxy = 4DC3C4091994FCC3005632BE /* PBXContainerItemProxy */;
		};
/* End PBXTargetDependency section */

/* Begin PBXVariantGroup section */
		4DC3C3EF1994FCC3005632BE /* InfoPlist.strings */ = {
			isa = PBXVariantGroup;
			children = (
				4DC3C3F01994FCC3005632BE /* en */,
			);
			name = InfoPlist.strings;
			sourceTree = "<group>";
		};
		4DC3C3F81994FCC3005632BE /* Main.storyboard */ = {
			isa = PBXVariantGroup;
			children = (
				4DC3C3F91994FCC3005632BE /* Base */,
			);
			name = Main.storyboard;
			sourceTree = "<group>";
		};
		4DC3C40E1994FCC3005632BE /* InfoPlist.strings */ = {
			isa = PBXVariantGroup;
			children = (
				4DC3C40F1994FCC3005632BE /* en */,
			);
			name = InfoPlist.strings;
			sourceTree = "<group>";
		};
/* End PBXVariantGroup section */

/* Begin XCBuildConfiguration section */
		4DC3C4131994FCC3005632BE /* Debug */ = {
			isa = XCBuildConfiguration;
			buildSettings = {
				ALWAYS_SEARCH_USER_PATHS = NO;
				CLANG_CXX_LANGUAGE_STANDARD = "gnu++0x";
				CLANG_CXX_LIBRARY = "libc++";
				CLANG_ENABLE_MODULES = YES;
				CLANG_ENABLE_OBJC_ARC = YES;
				CLANG_WARN_BOOL_CONVERSION = YES;
				CLANG_WARN_CONSTANT_CONVERSION = YES;
				CLANG_WARN_DIRECT_OBJC_ISA_USAGE = YES_ERROR;
				CLANG_WARN_EMPTY_BODY = YES;
				CLANG_WARN_ENUM_CONVERSION = YES;
				CLANG_WARN_INT_CONVERSION = YES;
				CLANG_WARN_OBJC_ROOT_CLASS = YES_ERROR;
				CLANG_WARN__DUPLICATE_METHOD_MATCH = YES;
				"CODE_SIGN_IDENTITY[sdk=iphoneos*]" = "iPhone Developer";
				COPY_PHASE_STRIP = NO;
				GCC_C_LANGUAGE_STANDARD = gnu99;
				GCC_DYNAMIC_NO_PIC = NO;
				GCC_OPTIMIZATION_LEVEL = 0;
				GCC_PREPROCESSOR_DEFINITIONS = (
					"DEBUG=1",
					"$(inherited)",
				);
				GCC_SYMBOLS_PRIVATE_EXTERN = NO;
				GCC_WARN_64_TO_32_BIT_CONVERSION = YES;
				GCC_WARN_ABOUT_RETURN_TYPE = YES_ERROR;
				GCC_WARN_UNDECLARED_SELECTOR = YES;
				GCC_WARN_UNINITIALIZED_AUTOS = YES_AGGRESSIVE;
				GCC_WARN_UNUSED_FUNCTION = YES;
				GCC_WARN_UNUSED_VARIABLE = YES;
				IPHONEOS_DEPLOYMENT_TARGET = 7.1;
				ONLY_ACTIVE_ARCH = YES;
				SDKROOT = iphoneos;
			};
			name = Debug;
		};
		4DC3C4141994FCC3005632BE /* Release */ = {
			isa = XCBuildConfiguration;
			buildSettings = {
				ALWAYS_SEARCH_USER_PATHS = NO;
				CLANG_CXX_LANGUAGE_STANDARD = "gnu++0x";
				CLANG_CXX_LIBRARY = "libc++";
				CLANG_ENABLE_MODULES = YES;
				CLANG_ENABLE_OBJC_ARC = YES;
				CLANG_WARN_BOOL_CONVERSION = YES;
				CLANG_WARN_CONSTANT_CONVERSION = YES;
				CLANG_WARN_DIRECT_OBJC_ISA_USAGE = YES_ERROR;
				CLANG_WARN_EMPTY_BODY = YES;
				CLANG_WARN_ENUM_CONVERSION = YES;
				CLANG_WARN_INT_CONVERSION = YES;
				CLANG_WARN_OBJC_ROOT_CLASS = YES_ERROR;
				CLANG_WARN__DUPLICATE_METHOD_MATCH = YES;
				"CODE_SIGN_IDENTITY[sdk=iphoneos*]" = "iPhone Developer";
				COPY_PHASE_STRIP = YES;
				ENABLE_NS_ASSERTIONS = NO;
				GCC_C_LANGUAGE_STANDARD = gnu99;
				GCC_WARN_64_TO_32_BIT_CONVERSION = YES;
				GCC_WARN_ABOUT_RETURN_TYPE = YES_ERROR;
				GCC_WARN_UNDECLARED_SELECTOR = YES;
				GCC_WARN_UNINITIALIZED_AUTOS = YES_AGGRESSIVE;
				GCC_WARN_UNUSED_FUNCTION = YES;
				GCC_WARN_UNUSED_VARIABLE = YES;
				IPHONEOS_DEPLOYMENT_TARGET = 7.1;
				SDKROOT = iphoneos;
				VALIDATE_PRODUCT = YES;
			};
			name = Release;
		};
		4DC3C4161994FCC3005632BE /* Debug */ = {
			isa = XCBuildConfiguration;
			buildSettings = {
				ASSETCATALOG_COMPILER_APPICON_NAME = AppIcon;
				ASSETCATALOG_COMPILER_LAUNCHIMAGE_NAME = LaunchImage;
				GCC_PRECOMPILE_PREFIX_HEADER = YES;
				GCC_PREFIX_HEADER = "WildKingdom/WildKingdom-Prefix.pch";
				INFOPLIST_FILE = "WildKingdom/WildKingdom-Info.plist";
				PRODUCT_NAME = "$(TARGET_NAME)";
				WRAPPER_EXTENSION = app;
			};
			name = Debug;
		};
		4DC3C4171994FCC3005632BE /* Release */ = {
			isa = XCBuildConfiguration;
			buildSettings = {
				ASSETCATALOG_COMPILER_APPICON_NAME = AppIcon;
				ASSETCATALOG_COMPILER_LAUNCHIMAGE_NAME = LaunchImage;
				GCC_PRECOMPILE_PREFIX_HEADER = YES;
				GCC_PREFIX_HEADER = "WildKingdom/WildKingdom-Prefix.pch";
				INFOPLIST_FILE = "WildKingdom/WildKingdom-Info.plist";
				PRODUCT_NAME = "$(TARGET_NAME)";
				WRAPPER_EXTENSION = app;
			};
			name = Release;
		};
		4DC3C4191994FCC3005632BE /* Debug */ = {
			isa = XCBuildConfiguration;
			buildSettings = {
				BUNDLE_LOADER = "$(BUILT_PRODUCTS_DIR)/WildKingdom.app/WildKingdom";
				FRAMEWORK_SEARCH_PATHS = (
					"$(SDKROOT)/Developer/Library/Frameworks",
					"$(inherited)",
					"$(DEVELOPER_FRAMEWORKS_DIR)",
				);
				GCC_PRECOMPILE_PREFIX_HEADER = YES;
				GCC_PREFIX_HEADER = "WildKingdom/WildKingdom-Prefix.pch";
				GCC_PREPROCESSOR_DEFINITIONS = (
					"DEBUG=1",
					"$(inherited)",
				);
				INFOPLIST_FILE = "WildKingdomTests/WildKingdomTests-Info.plist";
				PRODUCT_NAME = "$(TARGET_NAME)";
				TEST_HOST = "$(BUNDLE_LOADER)";
				WRAPPER_EXTENSION = xctest;
			};
			name = Debug;
		};
		4DC3C41A1994FCC3005632BE /* Release */ = {
			isa = XCBuildConfiguration;
			buildSettings = {
				BUNDLE_LOADER = "$(BUILT_PRODUCTS_DIR)/WildKingdom.app/WildKingdom";
				FRAMEWORK_SEARCH_PATHS = (
					"$(SDKROOT)/Developer/Library/Frameworks",
					"$(inherited)",
					"$(DEVELOPER_FRAMEWORKS_DIR)",
				);
				GCC_PRECOMPILE_PREFIX_HEADER = YES;
				GCC_PREFIX_HEADER = "WildKingdom/WildKingdom-Prefix.pch";
				INFOPLIST_FILE = "WildKingdomTests/WildKingdomTests-Info.plist";
				PRODUCT_NAME = "$(TARGET_NAME)";
				TEST_HOST = "$(BUNDLE_LOADER)";
				WRAPPER_EXTENSION = xctest;
			};
			name = Release;
		};
/* End XCBuildConfiguration section */

/* Begin XCConfigurationList section */
		4DC3C3DE1994FCC2005632BE /* Build configuration list for PBXProject "WildKingdom" */ = {
			isa = XCConfigurationList;
			buildConfigurations = (
				4DC3C4131994FCC3005632BE /* Debug */,
				4DC3C4141994FCC3005632BE /* Release */,
			);
			defaultConfigurationIsVisible = 0;
			defaultConfigurationName = Release;
		};
		4DC3C4151994FCC3005632BE /* Build configuration list for PBXNativeTarget "WildKingdom" */ = {
			isa = XCConfigurationList;
			buildConfigurations = (
				4DC3C4161994FCC3005632BE /* Debug */,
				4DC3C4171994FCC3005632BE /* Release */,
			);
			defaultConfigurationIsVisible = 0;
		};
		4DC3C4181994FCC3005632BE /* Build configuration list for PBXNativeTarget "WildKingdomTests" */ = {
			isa = XCConfigurationList;
			buildConfigurations = (
				4DC3C4191994FCC3005632BE /* Debug */,
				4DC3C41A1994FCC3005632BE /* Release */,
			);
			defaultConfigurationIsVisible = 0;
		};
/* End XCConfigurationList section */
	};
	rootObject = 4DC3C3DB1994FCC2005632BE /* Project object */;
}
